PODS:
  - SDWebImage (5.8.4):
    - SDWebImage/Core (= 5.8.4)
  - SDWebImage/Core (5.8.4)
  - youtube-ios-player-helper (1.0.2)

DEPENDENCIES:
  - SDWebImage
  - youtube-ios-player-helper

SPEC REPOS:
  trunk:
    - SDWebImage
    - youtube-ios-player-helper

SPEC CHECKSUMS:
  SDWebImage: cf6922231e95550934da2ada0f20f2becf2ceba9
  youtube-ios-player-helper: 40b96e52c22445f0fdc43731cefa32c67075ff81

PODFILE CHECKSUM: 51c776afe04743193eb948950b062ae13fb23412

COCOAPODS: 1.9.3
